
Microsoft Visual Studio Solution File, Format Version 11.00
# Visual Studio 2010
Project("{FAE04EC0-301F-11D3-BF4B-00C04F79EFBC}") = "cloud-fileserver", "cloud-fileserver\cloud-fileserver.csproj", "{ABA73A9E-3516-45E2-8497-93131DC48612}"
EndProject
Global
	GlobalSection(SolutionConfigurationPlatforms) = preSolution
		Debug|Any CPU = Debug|Any CPU
		Release|Any CPU = Release|Any CPU
	EndGlobalSection
	GlobalSection(ProjectConfigurationPlatforms) = postSolution
		{ABA73A9E-3516-45E2-8497-93131DC48612}.Debug|Any CPU.ActiveCfg = Debug|Any CPU
		{ABA73A9E-3516-45E2-8497-93131DC48612}.Debug|Any CPU.Build.0 = Debug|Any CPU
		{ABA73A9E-3516-45E2-8497-93131DC48612}.Release|Any CPU.ActiveCfg = Release|Any CPU
		{ABA73A9E-3516-45E2-8497-93131DC48612}.Release|Any CPU.Build.0 = Release|Any CPU
	EndGlobalSection
	GlobalSection(MonoDevelopProperties) = preSolution
		StartupItem = cloud-fileserver\cloud-fileserver.csproj
		Policies = $0
		$0.DotNetNamingPolicy = $1
		$1.DirectoryNamespaceAssociation = None
		$1.ResourceNamePolicy = FileFormatDefault
	EndGlobalSection
EndGlobal
